
Microsoft Visual Studio Solution File, Format Version 12.00
# Visual Studio Version 17
VisualStudioVersion = 17.0.31903.59
MinimumVisualStudioVersion = 10.0.40219.1
Project("{FAE04EC0-301F-11D3-BF4B-00C04F79EFBC}") = "BuberBreakfast.Contracts", "BuberBreakfast.Contracts\BuberBreakfast.Contracts.csproj", "{F6629D3F-8337-4A8B-8639-BA6310AF5736}"
EndProject
Project("{FAE04EC0-301F-11D3-BF4B-00C04F79EFBC}") = "BuberBreakfast", "BuberBreakfast\BuberBreakfast.csproj", "{2423EE4B-3564-44C4-8073-06046A55847C}"
EndProject
Global
	GlobalSection(SolutionConfigurationPlatforms) = preSolution
		Debug|Any CPU = Debug|Any CPU
		Release|Any CPU = Release|Any CPU
	EndGlobalSection
	GlobalSection(SolutionProperties) = preSolution
		HideSolutionNode = FALSE
	EndGlobalSection
	GlobalSection(ProjectConfigurationPlatforms) = postSolution
		{F6629D3F-8337-4A8B-8639-BA6310AF5736}.Debug|Any CPU.ActiveCfg = Debug|Any CPU
		{F6629D3F-8337-4A8B-8639-BA6310AF5736}.Debug|Any CPU.Build.0 = Debug|Any CPU
		{F6629D3F-8337-4A8B-8639-BA6310AF5736}.Release|Any CPU.ActiveCfg = Release|Any CPU
		{F6629D3F-8337-4A8B-8639-BA6310AF5736}.Release|Any CPU.Build.0 = Release|Any CPU
		{2423EE4B-3564-44C4-8073-06046A55847C}.Debug|Any CPU.ActiveCfg = Debug|Any CPU
		{2423EE4B-3564-44C4-8073-06046A55847C}.Debug|Any CPU.Build.0 = Debug|Any CPU
		{2423EE4B-3564-44C4-8073-06046A55847C}.Release|Any CPU.ActiveCfg = Release|Any CPU
		{2423EE4B-3564-44C4-8073-06046A55847C}.Release|Any CPU.Build.0 = Release|Any CPU
	EndGlobalSection
EndGlobal
